
Microsoft Visual Studio Solution File, Format Version 12.00
# Visual Studio Version 16
VisualStudioVersion = 16.0.28407.52
MinimumVisualStudioVersion = 10.0.40219.1
Project("{9A19103F-16F7-4668-BE54-9A1E7A4F7556}") = "Unity.Container", "Container\src\Unity.Container.csproj", "{EE1F752C-1FAB-41AD-AD63-857D0E62AB6B}"
EndProject
Project("{9A19103F-16F7-4668-BE54-9A1E7A4F7556}") = "Unity.Specification.Tests", "Container\tests\Unity.Specification\Unity.Specification.Tests.csproj", "{EE6E1971-4752-4444-9211-70BDE3CC4014}"
EndProject
Project("{9A19103F-16F7-4668-BE54-9A1E7A4F7556}") = "Unity.Abstractions", "Abstractions\src\Unity.Abstractions.csproj", "{2A50E743-8817-41DB-BD23-6F9625665EF7}"
EndProject
Project("{9A19103F-16F7-4668-BE54-9A1E7A4F7556}") = "Unity.Specification", "SpecificationTests\src\Unity.Specification.csproj", "{DBEC49D6-88ED-4717-A827-23BADE3DC5E1}"
EndProject
Project("{9A19103F-16F7-4668-BE54-9A1E7A4F7556}") = "Unity.Specification.Diagnostic", "SpecificationTests\diagnostic\Unity.Specification.Diagnostic.csproj", "{510FC085-87EF-4EB8-85EB-6C1E0F629313}"
EndProject
Project("{9A19103F-16F7-4668-BE54-9A1E7A4F7556}") = "Unity.Specification.Tests.Diagnostic", "Container\tests\Unity.Diagnostic\Unity.Specification.Tests.Diagnostic.csproj", "{5F84ACD0-148C-4DE0-ADCA-073B5C66BAD1}"
EndProject
Project("{2150E333-8FDC-42A3-9474-1A3956D46DE8}") = "Specification", "Specification", "{F8CC6AB5-0A31-4DD5-9926-72CCC64E34F7}"
EndProject
Project("{2150E333-8FDC-42A3-9474-1A3956D46DE8}") = "Tests", "Tests", "{BF3AB5C4-79AF-4A82-8D53-B4DA476D363F}"
EndProject
Global
	GlobalSection(SolutionConfigurationPlatforms) = preSolution
		Debug|Any CPU = Debug|Any CPU
		Release|Any CPU = Release|Any CPU
	EndGlobalSection
	GlobalSection(ProjectConfigurationPlatforms) = postSolution
		{EE1F752C-1FAB-41AD-AD63-857D0E62AB6B}.Debug|Any CPU.ActiveCfg = Debug|Any CPU
		{EE1F752C-1FAB-41AD-AD63-857D0E62AB6B}.Debug|Any CPU.Build.0 = Debug|Any CPU
		{EE1F752C-1FAB-41AD-AD63-857D0E62AB6B}.Release|Any CPU.ActiveCfg = Release|Any CPU
		{EE1F752C-1FAB-41AD-AD63-857D0E62AB6B}.Release|Any CPU.Build.0 = Release|Any CPU
		{EE6E1971-4752-4444-9211-70BDE3CC4014}.Debug|Any CPU.ActiveCfg = Debug|Any CPU
		{EE6E1971-4752-4444-9211-70BDE3CC4014}.Debug|Any CPU.Build.0 = Debug|Any CPU
		{EE6E1971-4752-4444-9211-70BDE3CC4014}.Release|Any CPU.ActiveCfg = Release|Any CPU
		{2A50E743-8817-41DB-BD23-6F9625665EF7}.Debug|Any CPU.ActiveCfg = Debug|Any CPU
		{2A50E743-8817-41DB-BD23-6F9625665EF7}.Debug|Any CPU.Build.0 = Debug|Any CPU
		{2A50E743-8817-41DB-BD23-6F9625665EF7}.Release|Any CPU.ActiveCfg = Release|Any CPU
		{2A50E743-8817-41DB-BD23-6F9625665EF7}.Release|Any CPU.Build.0 = Release|Any CPU
		{DBEC49D6-88ED-4717-A827-23BADE3DC5E1}.Debug|Any CPU.ActiveCfg = Debug|Any CPU
		{DBEC49D6-88ED-4717-A827-23BADE3DC5E1}.Debug|Any CPU.Build.0 = Debug|Any CPU
		{DBEC49D6-88ED-4717-A827-23BADE3DC5E1}.Release|Any CPU.ActiveCfg = Release|Any CPU
		{510FC085-87EF-4EB8-85EB-6C1E0F629313}.Debug|Any CPU.ActiveCfg = Debug|Any CPU
		{510FC085-87EF-4EB8-85EB-6C1E0F629313}.Debug|Any CPU.Build.0 = Debug|Any CPU
		{510FC085-87EF-4EB8-85EB-6C1E0F629313}.Release|Any CPU.ActiveCfg = Release|Any CPU
		{5F84ACD0-148C-4DE0-ADCA-073B5C66BAD1}.Debug|Any CPU.ActiveCfg = Debug|Any CPU
		{5F84ACD0-148C-4DE0-ADCA-073B5C66BAD1}.Debug|Any CPU.Build.0 = Debug|Any CPU
		{5F84ACD0-148C-4DE0-ADCA-073B5C66BAD1}.Release|Any CPU.ActiveCfg = Release|Any CPU
	EndGlobalSection
	GlobalSection(SolutionProperties) = preSolution
		HideSolutionNode = FALSE
	EndGlobalSection
	GlobalSection(NestedProjects) = preSolution
		{EE6E1971-4752-4444-9211-70BDE3CC4014} = {BF3AB5C4-79AF-4A82-8D53-B4DA476D363F}
		{DBEC49D6-88ED-4717-A827-23BADE3DC5E1} = {F8CC6AB5-0A31-4DD5-9926-72CCC64E34F7}
		{510FC085-87EF-4EB8-85EB-6C1E0F629313} = {F8CC6AB5-0A31-4DD5-9926-72CCC64E34F7}
		{5F84ACD0-148C-4DE0-ADCA-073B5C66BAD1} = {BF3AB5C4-79AF-4A82-8D53-B4DA476D363F}
	EndGlobalSection
	GlobalSection(ExtensibilityGlobals) = postSolution
		SolutionGuid = {5AAFE72A-A2F4-4EE5-B3E2-B8E1E4652456}
	EndGlobalSection
	GlobalSection(Performance) = preSolution
		HasPerformanceSessions = true
	EndGlobalSection
	GlobalSection(Performance) = preSolution
		HasPerformanceSessions = true
	EndGlobalSection
	GlobalSection(Performance) = preSolution
		HasPerformanceSessions = true
	EndGlobalSection
	GlobalSection(Performance) = preSolution
		HasPerformanceSessions = true
	EndGlobalSection
	GlobalSection(Performance) = preSolution
		HasPerformanceSessions = true
	EndGlobalSection
	GlobalSection(Performance) = preSolution
		HasPerformanceSessions = true
	EndGlobalSection
	GlobalSection(Performance) = preSolution
		HasPerformanceSessions = true
	EndGlobalSection
	GlobalSection(Performance) = preSolution
		HasPerformanceSessions = true
	EndGlobalSection
	GlobalSection(Performance) = preSolution
		HasPerformanceSessions = true
	EndGlobalSection
	GlobalSection(Performance) = preSolution
		HasPerformanceSessions = true
	EndGlobalSection
EndGlobal
